
Microsoft Visual Studio Solution File, Format Version 12.00
# Visual Studio Version 16
VisualStudioVersion = 16.0.31911.196
MinimumVisualStudioVersion = 10.0.40219.1
Project("{FAE04EC0-301F-11D3-BF4B-00C04F79EFBC}") = "StudentProgressFuzzyLogic", "StudentProgressFuzzyLogic\StudentProgressFuzzyLogic.csproj", "{3D935E9C-1C4F-412F-848C-EF31DE7E971D}"
EndProject
Project("{FAE04EC0-301F-11D3-BF4B-00C04F79EFBC}") = "GameStatsFuzzy2Controller", "GameStatsFuzzy2Controller\GameStatsFuzzy2Controller.csproj", "{48CEB748-10F1-4A63-B7BD-26A0422CB088}"
EndProject
Project("{FAE04EC0-301F-11D3-BF4B-00C04F79EFBC}") = "ConsoleTestProcess", "ConsoleTestProcess\ConsoleTestProcess.csproj", "{8161F376-BA09-477B-9A0D-A8D14AE3A67D}"
EndProject
Project("{FAE04EC0-301F-11D3-BF4B-00C04F79EFBC}") = "WindowTestProcess", "WindowTestProcess\WindowTestProcess.csproj", "{AEAA9863-CA2D-4D94-90BF-BD0070896B82}"
EndProject
Project("{FAE04EC0-301F-11D3-BF4B-00C04F79EFBC}") = "GameRates", "GameRates\GameRates.csproj", "{F693ECE3-F7F4-47F1-BD0E-A897949DDF7E}"
EndProject
Global
	GlobalSection(SolutionConfigurationPlatforms) = preSolution
		Debug|Any CPU = Debug|Any CPU
		Release|Any CPU = Release|Any CPU
	EndGlobalSection
	GlobalSection(ProjectConfigurationPlatforms) = postSolution
		{3D935E9C-1C4F-412F-848C-EF31DE7E971D}.Debug|Any CPU.ActiveCfg = Debug|Any CPU
		{3D935E9C-1C4F-412F-848C-EF31DE7E971D}.Debug|Any CPU.Build.0 = Debug|Any CPU
		{3D935E9C-1C4F-412F-848C-EF31DE7E971D}.Release|Any CPU.ActiveCfg = Release|Any CPU
		{3D935E9C-1C4F-412F-848C-EF31DE7E971D}.Release|Any CPU.Build.0 = Release|Any CPU
		{48CEB748-10F1-4A63-B7BD-26A0422CB088}.Debug|Any CPU.ActiveCfg = Debug|Any CPU
		{48CEB748-10F1-4A63-B7BD-26A0422CB088}.Debug|Any CPU.Build.0 = Debug|Any CPU
		{48CEB748-10F1-4A63-B7BD-26A0422CB088}.Release|Any CPU.ActiveCfg = Release|Any CPU
		{48CEB748-10F1-4A63-B7BD-26A0422CB088}.Release|Any CPU.Build.0 = Release|Any CPU
		{8161F376-BA09-477B-9A0D-A8D14AE3A67D}.Debug|Any CPU.ActiveCfg = Debug|Any CPU
		{8161F376-BA09-477B-9A0D-A8D14AE3A67D}.Debug|Any CPU.Build.0 = Debug|Any CPU
		{8161F376-BA09-477B-9A0D-A8D14AE3A67D}.Release|Any CPU.ActiveCfg = Release|Any CPU
		{8161F376-BA09-477B-9A0D-A8D14AE3A67D}.Release|Any CPU.Build.0 = Release|Any CPU
		{AEAA9863-CA2D-4D94-90BF-BD0070896B82}.Debug|Any CPU.ActiveCfg = Debug|Any CPU
		{AEAA9863-CA2D-4D94-90BF-BD0070896B82}.Debug|Any CPU.Build.0 = Debug|Any CPU
		{AEAA9863-CA2D-4D94-90BF-BD0070896B82}.Release|Any CPU.ActiveCfg = Release|Any CPU
		{AEAA9863-CA2D-4D94-90BF-BD0070896B82}.Release|Any CPU.Build.0 = Release|Any CPU
		{F693ECE3-F7F4-47F1-BD0E-A897949DDF7E}.Debug|Any CPU.ActiveCfg = Debug|Any CPU
		{F693ECE3-F7F4-47F1-BD0E-A897949DDF7E}.Debug|Any CPU.Build.0 = Debug|Any CPU
		{F693ECE3-F7F4-47F1-BD0E-A897949DDF7E}.Release|Any CPU.ActiveCfg = Release|Any CPU
		{F693ECE3-F7F4-47F1-BD0E-A897949DDF7E}.Release|Any CPU.Build.0 = Release|Any CPU
	EndGlobalSection
	GlobalSection(SolutionProperties) = preSolution
		HideSolutionNode = FALSE
	EndGlobalSection
	GlobalSection(ExtensibilityGlobals) = postSolution
		SolutionGuid = {3E01D417-7E0A-45DC-906F-E6B89EEAD676}
	EndGlobalSection
EndGlobal
